// !$*UTF8*$!
{
	archiveVersion = 1;
	classes = {
	};
	objectVersion = 56;
	objects = {

/* Begin PBXGroup section */
		7DB4ED802A2F2F0E00FD6B17 = {
			isa = PBXGroup;
			children = (
			);
			sourceTree = "<group>";
		};
/* End PBXGroup section */

/* Begin PBXProject section */
		7DB4ED812A2F2F0E00FD6B17 /* Project object */ = {
			isa = PBXProject;
			attributes = {
				BuildIndependentTargetsInParallel = 1;
				LastUpgradeCheck = 1430;
			};
			buildConfigurationList = 7DB4ED842A2F2F0E00FD6B17 /* Build configuration list for PBXProject "webpage.html" */;
			compatibilityVersion = "Xcode 14.0";
			developmentRegion = en;
			hasScannedForEncodings = 0;
			knownRegions = (
				en,
				Base,
			);
			mainGroup = 7DB4ED802A2F2F0E00FD6B17;
			projectDirPath = "";
			projectRoot = "";
			targets = (
			);
		};
/* End PBXProject section */

/* Begin XCBuildConfiguration section */
		7DB4ED852A2F2F0E00FD6B17 /* Debug */ = {
			isa = XCBuildConfiguration;
			buildSettings = {
			};
			name = Debug;
		};
		7DB4ED862A2F2F0E00FD6B17 /* Release */ = {
			isa = XCBuildConfiguration;
			buildSettings = {
			};
			name = Release;
		};
/* End XCBuildConfiguration section */

/* Begin XCConfigurationList section */
		7DB4ED842A2F2F0E00FD6B17 /* Build configuration list for PBXProject "webpage.html" */ = {
			isa = XCConfigurationList;
			buildConfigurations = (
				7DB4ED852A2F2F0E00FD6B17 /* Debug */,
				7DB4ED862A2F2F0E00FD6B17 /* Release */,
			);
			defaultConfigurationIsVisible = 0;
			defaultConfigurationName = Release;
		};
/* End XCConfigurationList section */
	};
	rootObject = 7DB4ED812A2F2F0E00FD6B17 /* Project object */;
}
